
Microsoft Visual Studio Solution File, Format Version 12.00
# Visual Studio Version 17
VisualStudioVersion = 17.5.33530.505
MinimumVisualStudioVersion = 10.0.40219.1
Project("{FAE04EC0-301F-11D3-BF4B-00C04F79EFBC}") = "GitLabApp1", "GitLabApp1\GitLabApp1.csproj", "{481FAF96-B34F-4210-A7E2-FE8908EA4058}"
EndProject
Global
	GlobalSection(SolutionConfigurationPlatforms) = preSolution
		Debug|Any CPU = Debug|Any CPU
		Release|Any CPU = Release|Any CPU
	EndGlobalSection
	GlobalSection(ProjectConfigurationPlatforms) = postSolution
		{481FAF96-B34F-4210-A7E2-FE8908EA4058}.Debug|Any CPU.ActiveCfg = Debug|Any CPU
		{481FAF96-B34F-4210-A7E2-FE8908EA4058}.Debug|Any CPU.Build.0 = Debug|Any CPU
		{481FAF96-B34F-4210-A7E2-FE8908EA4058}.Release|Any CPU.ActiveCfg = Release|Any CPU
		{481FAF96-B34F-4210-A7E2-FE8908EA4058}.Release|Any CPU.Build.0 = Release|Any CPU
	EndGlobalSection
	GlobalSection(SolutionProperties) = preSolution
		HideSolutionNode = FALSE
	EndGlobalSection
	GlobalSection(ExtensibilityGlobals) = postSolution
		SolutionGuid = {101F0618-00BB-4E78-94EC-34F955D39190}
	EndGlobalSection
EndGlobal
